// !$*UTF8*$!
{
	archiveVersion = 1;
	classes = {
	};
	objectVersion = 50;
	objects = {

/* Begin PBXBuildFile section */
		972EB9EF24C3A5EE0052CB5B /* emailData.json in Resources */ = {isa = PBXBuildFile; fileRef = 972EB9EE24C3A5EE0052CB5B /* emailData.json */; };
		972EB9F124C3A6290052CB5B /* EmailData.swift in Sources */ = {isa = PBXBuildFile; fileRef = 972EB9F024C3A6290052CB5B /* EmailData.swift */; };
		97BED8E624BE47B90076E0D5 /* EmailTableViewController.swift in Sources */ = {isa = PBXBuildFile; fileRef = 97BED8E524BE47B90076E0D5 /* EmailTableViewController.swift */; };
		97C23E3424BA5D6A000D3291 /* AppDelegate.swift in Sources */ = {isa = PBXBuildFile; fileRef = 97C23E3324BA5D6A000D3291 /* AppDelegate.swift */; };
		97C23E3624BA5D6A000D3291 /* SceneDelegate.swift in Sources */ = {isa = PBXBuildFile; fileRef = 97C23E3524BA5D6A000D3291 /* SceneDelegate.swift */; };
		97C23E3824BA5D6A000D3291 /* BaseViewController.swift in Sources */ = {isa = PBXBuildFile; fileRef = 97C23E3724BA5D6A000D3291 /* BaseViewController.swift */; };
		97C23E3B24BA5D6A000D3291 /* Main.storyboard in Resources */ = {isa = PBXBuildFile; fileRef = 97C23E3924BA5D6A000D3291 /* Main.storyboard */; };
		97C23E3D24BA5D6C000D3291 /* Assets.xcassets in Resources */ = {isa = PBXBuildFile; fileRef = 97C23E3C24BA5D6C000D3291 /* Assets.xcassets */; };
		97C23E4024BA5D6C000D3291 /* LaunchScreen.storyboard in Resources */ = {isa = PBXBuildFile; fileRef = 97C23E3E24BA5D6C000D3291 /* LaunchScreen.storyboard */; };
		97C59D7A24D32FDD00D495FE /* EmailTable.storyboard in Resources */ = {isa = PBXBuildFile; fileRef = 97C59D7824D32FDD00D495FE /* EmailTable.storyboard */; };
		97D482F124CF8D4300730380 /* EmailCell.swift in Sources */ = {isa = PBXBuildFile; fileRef = 97D482F024CF8D4300730380 /* EmailCell.swift */; };
/* End PBXBuildFile section */

/* Begin PBXFileReference section */
		972EB9EE24C3A5EE0052CB5B /* emailData.json */ = {isa = PBXFileReference; fileEncoding = 4; lastKnownFileType = text.json; path = emailData.json; sourceTree = "<group>"; };
		972EB9F024C3A6290052CB5B /* EmailData.swift */ = {isa = PBXFileReference; lastKnownFileType = sourcecode.swift; path = EmailData.swift; sourceTree = "<group>"; };
		97BED8E524BE47B90076E0D5 /* EmailTableViewController.swift */ = {isa = PBXFileReference; lastKnownFileType = sourcecode.swift; path = EmailTableViewController.swift; sourceTree = "<group>"; };
		97C23E3024BA5D6A000D3291 /* EmailClient.app */ = {isa = PBXFileReference; explicitFileType = wrapper.application; includeInIndex = 0; path = EmailClient.app; sourceTree = BUILT_PRODUCTS_DIR; };
		97C23E3324BA5D6A000D3291 /* AppDelegate.swift */ = {isa = PBXFileReference; lastKnownFileType = sourcecode.swift; path = AppDelegate.swift; sourceTree = "<group>"; };
		97C23E3524BA5D6A000D3291 /* SceneDelegate.swift */ = {isa = PBXFileReference; lastKnownFileType = sourcecode.swift; path = SceneDelegate.swift; sourceTree = "<group>"; };
		97C23E3724BA5D6A000D3291 /* BaseViewController.swift */ = {isa = PBXFileReference; lastKnownFileType = sourcecode.swift; path = BaseViewController.swift; sourceTree = "<group>"; };
		97C23E3A24BA5D6A000D3291 /* Base */ = {isa = PBXFileReference; lastKnownFileType = file.storyboard; name = Base; path = Base.lproj/Main.storyboard; sourceTree = "<group>"; };
		97C23E3C24BA5D6C000D3291 /* Assets.xcassets */ = {isa = PBXFileReference; lastKnownFileType = folder.assetcatalog; path = Assets.xcassets; sourceTree = "<group>"; };
		97C23E3F24BA5D6C000D3291 /* Base */ = {isa = PBXFileReference; lastKnownFileType = file.storyboard; name = Base; path = Base.lproj/LaunchScreen.storyboard; sourceTree = "<group>"; };
		97C23E4124BA5D6C000D3291 /* Info.plist */ = {isa = PBXFileReference; lastKnownFileType = text.plist.xml; path = Info.plist; sourceTree = "<group>"; };
		97C59D7924D32FDD00D495FE /* Base */ = {isa = PBXFileReference; lastKnownFileType = file.storyboard; name = Base; path = EmailClient/Base.lproj/EmailTable.storyboard; sourceTree = "<group>"; };
		97D482F024CF8D4300730380 /* EmailCell.swift */ = {isa = PBXFileReference; lastKnownFileType = sourcecode.swift; path = EmailCell.swift; sourceTree = "<group>"; };
/* End PBXFileReference section */

/* Begin PBXFrameworksBuildPhase section */
		97C23E2D24BA5D6A000D3291 /* Frameworks */ = {
			isa = PBXFrameworksBuildPhase;
			buildActionMask = 2147483647;
			files = (
			);
			runOnlyForDeploymentPostprocessing = 0;
		};
/* End PBXFrameworksBuildPhase section */

/* Begin PBXGroup section */
		97C23E2724BA5D6A000D3291 = {
			isa = PBXGroup;
			children = (
				97C23E3224BA5D6A000D3291 /* EmailClient */,
				97C23E3124BA5D6A000D3291 /* Products */,
			);
			sourceTree = "<group>";
		};
		97C23E3124BA5D6A000D3291 /* Products */ = {
			isa = PBXGroup;
			children = (
				97C23E3024BA5D6A000D3291 /* EmailClient.app */,
			);
			name = Products;
			sourceTree = "<group>";
		};
		97C23E3224BA5D6A000D3291 /* EmailClient */ = {
			isa = PBXGroup;
			children = (
				97C59D7824D32FDD00D495FE /* EmailTable.storyboard */,
				97C23E3324BA5D6A000D3291 /* AppDelegate.swift */,
				97C23E3524BA5D6A000D3291 /* SceneDelegate.swift */,
				97C23E3724BA5D6A000D3291 /* BaseViewController.swift */,
				97BED8E524BE47B90076E0D5 /* EmailTableViewController.swift */,
				97C23E3924BA5D6A000D3291 /* Main.storyboard */,
				972EB9F024C3A6290052CB5B /* EmailData.swift */,
				97D482F024CF8D4300730380 /* EmailCell.swift */,
				97C23E3C24BA5D6C000D3291 /* Assets.xcassets */,
				97C23E3E24BA5D6C000D3291 /* LaunchScreen.storyboard */,
				97C23E4124BA5D6C000D3291 /* Info.plist */,
				972EB9EE24C3A5EE0052CB5B /* emailData.json */,
			);
			path = EmailClient;
			sourceTree = "<group>";
		};
/* End PBXGroup section */

/* Begin PBXNativeTarget section */
		97C23E2F24BA5D6A000D3291 /* EmailClient */ = {
			isa = PBXNativeTarget;
			buildConfigurationList = 97C23E4424BA5D6C000D3291 /* Build configuration list for PBXNativeTarget "EmailClient" */;
			buildPhases = (
				97C23E2C24BA5D6A000D3291 /* Sources */,
				97C23E2D24BA5D6A000D3291 /* Frameworks */,
				97C23E2E24BA5D6A000D3291 /* Resources */,
			);
			buildRules = (
			);
			dependencies = (
			);
			name = EmailClient;
			productName = EmailClient;
			productReference = 97C23E3024BA5D6A000D3291 /* EmailClient.app */;
			productType = "com.apple.product-type.application";
		};
/* End PBXNativeTarget section */

/* Begin PBXProject section */
		97C23E2824BA5D6A000D3291 /* Project object */ = {
			isa = PBXProject;
			attributes = {
				LastSwiftUpdateCheck = 1150;
				LastUpgradeCheck = 1150;
				ORGANIZATIONNAME = "Robert Silverman";
				TargetAttributes = {
					97C23E2F24BA5D6A000D3291 = {
						CreatedOnToolsVersion = 11.5;
					};
				};
			};
			buildConfigurationList = 97C23E2B24BA5D6A000D3291 /* Build configuration list for PBXProject "EmailClient" */;
			compatibilityVersion = "Xcode 9.3";
			developmentRegion = en;
			hasScannedForEncodings = 0;
			knownRegions = (
				en,
				Base,
			);
			mainGroup = 97C23E2724BA5D6A000D3291;
			productRefGroup = 97C23E3124BA5D6A000D3291 /* Products */;
			projectDirPath = "";
			projectRoot = "";
			targets = (
				97C23E2F24BA5D6A000D3291 /* EmailClient */,
			);
		};
/* End PBXProject section */

/* Begin PBXResourcesBuildPhase section */
		97C23E2E24BA5D6A000D3291 /* Resources */ = {
			isa = PBXResourcesBuildPhase;
			buildActionMask = 2147483647;
			files = (
				972EB9EF24C3A5EE0052CB5B /* emailData.json in Resources */,
				97C23E4024BA5D6C000D3291 /* LaunchScreen.storyboard in Resources */,
				97C23E3D24BA5D6C000D3291 /* Assets.xcassets in Resources */,
				97C23E3B24BA5D6A000D3291 /* Main.storyboard in Resources */,
				97C59D7A24D32FDD00D495FE /* EmailTable.storyboard in Resources */,
			);
			runOnlyForDeploymentPostprocessing = 0;
		};
/* End PBXResourcesBuildPhase section */

/* Begin PBXSourcesBuildPhase section */
		97C23E2C24BA5D6A000D3291 /* Sources */ = {
			isa = PBXSourcesBuildPhase;
			buildActionMask = 2147483647;
			files = (
				97BED8E624BE47B90076E0D5 /* EmailTableViewController.swift in Sources */,
				972EB9F124C3A6290052CB5B /* EmailData.swift in Sources */,
				97C23E3824BA5D6A000D3291 /* BaseViewController.swift in Sources */,
				97C23E3424BA5D6A000D3291 /* AppDelegate.swift in Sources */,
				97D482F124CF8D4300730380 /* EmailCell.swift in Sources */,
				97C23E3624BA5D6A000D3291 /* SceneDelegate.swift in Sources */,
			);
			runOnlyForDeploymentPostprocessing = 0;
		};
/* End PBXSourcesBuildPhase section */

/* Begin PBXVariantGroup section */
		97C23E3924BA5D6A000D3291 /* Main.storyboard */ = {
			isa = PBXVariantGroup;
			children = (
				97C23E3A24BA5D6A000D3291 /* Base */,
			);
			name = Main.storyboard;
			sourceTree = "<group>";
		};
		97C23E3E24BA5D6C000D3291 /* LaunchScreen.storyboard */ = {
			isa = PBXVariantGroup;
			children = (
				97C23E3F24BA5D6C000D3291 /* Base */,
			);
			name = LaunchScreen.storyboard;
			sourceTree = "<group>";
		};
		97C59D7824D32FDD00D495FE /* EmailTable.storyboard */ = {
			isa = PBXVariantGroup;
			children = (
				97C59D7924D32FDD00D495FE /* Base */,
			);
			name = EmailTable.storyboard;
			sourceTree = "<group>";
		};
/* End PBXVariantGroup section */

/* Begin XCBuildConfiguration section */
		97C23E4224BA5D6C000D3291 /* Debug */ = {
			isa = XCBuildConfiguration;
			buildSettings = {
				ALWAYS_SEARCH_USER_PATHS = NO;
				CLANG_ANALYZER_NONNULL = YES;
				CLANG_ANALYZER_NUMBER_OBJECT_CONVERSION = YES_AGGRESSIVE;
				CLANG_CXX_LANGUAGE_STANDARD = "gnu++14";
				CLANG_CXX_LIBRARY = "libc++";
				CLANG_ENABLE_MODULES = YES;
				CLANG_ENABLE_OBJC_ARC = YES;
				CLANG_ENABLE_OBJC_WEAK = YES;
				CLANG_WARN_BLOCK_CAPTURE_AUTORELEASING = YES;
				CLANG_WARN_BOOL_CONVERSION = YES;
				CLANG_WARN_COMMA = YES;
				CLANG_WARN_CONSTANT_CONVERSION = YES;
				CLANG_WARN_DEPRECATED_OBJC_IMPLEMENTATIONS = YES;
				CLANG_WARN_DIRECT_OBJC_ISA_USAGE = YES_ERROR;
				CLANG_WARN_DOCUMENTATION_COMMENTS = YES;
				CLANG_WARN_EMPTY_BODY = YES;
				CLANG_WARN_ENUM_CONVERSION = YES;
				CLANG_WARN_INFINITE_RECURSION = YES;
				CLANG_WARN_INT_CONVERSION = YES;
				CLANG_WARN_NON_LITERAL_NULL_CONVERSION = YES;
				CLANG_WARN_OBJC_IMPLICIT_RETAIN_SELF = YES;
				CLANG_WARN_OBJC_LITERAL_CONVERSION = YES;
				CLANG_WARN_OBJC_ROOT_CLASS = YES_ERROR;
				CLANG_WARN_RANGE_LOOP_ANALYSIS = YES;
				CLANG_WARN_STRICT_PROTOTYPES = YES;
				CLANG_WARN_SUSPICIOUS_MOVE = YES;
				CLANG_WARN_UNGUARDED_AVAILABILITY = YES_AGGRESSIVE;
				CLANG_WARN_UNREACHABLE_CODE = YES;
				CLANG_WARN__DUPLICATE_METHOD_MATCH = YES;
				COPY_PHASE_STRIP = NO;
				DEBUG_INFORMATION_FORMAT = dwarf;
				ENABLE_STRICT_OBJC_MSGSEND = YES;
				ENABLE_TESTABILITY = YES;
				GCC_C_LANGUAGE_STANDARD = gnu11;
				GCC_DYNAMIC_NO_PIC = NO;
				GCC_NO_COMMON_BLOCKS = YES;
				GCC_OPTIMIZATION_LEVEL = 0;
				GCC_PREPROCESSOR_DEFINITIONS = (
					"DEBUG=1",
					"$(inherited)",
				);
				GCC_WARN_64_TO_32_BIT_CONVERSION = YES;
				GCC_WARN_ABOUT_RETURN_TYPE = YES_ERROR;
				GCC_WARN_UNDECLARED_SELECTOR = YES;
				GCC_WARN_UNINITIALIZED_AUTOS = YES_AGGRESSIVE;
				GCC_WARN_UNUSED_FUNCTION = YES;
				GCC_WARN_UNUSED_VARIABLE = YES;
				IPHONEOS_DEPLOYMENT_TARGET = 13.5;
				MTL_ENABLE_DEBUG_INFO = INCLUDE_SOURCE;
				MTL_FAST_MATH = YES;
				ONLY_ACTIVE_ARCH = YES;
				SDKROOT = iphoneos;
				SWIFT_ACTIVE_COMPILATION_CONDITIONS = DEBUG;
				SWIFT_OPTIMIZATION_LEVEL = "-Onone";
			};
			name = Debug;
		};
		97C23E4324BA5D6C000D3291 /* Release */ = {
			isa = XCBuildConfiguration;
			buildSettings = {
				ALWAYS_SEARCH_USER_PATHS = NO;
				CLANG_ANALYZER_NONNULL = YES;
				CLANG_ANALYZER_NUMBER_OBJECT_CONVERSION = YES_AGGRESSIVE;
				CLANG_CXX_LANGUAGE_STANDARD = "gnu++14";
				CLANG_CXX_LIBRARY = "libc++";
				CLANG_ENABLE_MODULES = YES;
				CLANG_ENABLE_OBJC_ARC = YES;
				CLANG_ENABLE_OBJC_WEAK = YES;
				CLANG_WARN_BLOCK_CAPTURE_AUTORELEASING = YES;
				CLANG_WARN_BOOL_CONVERSION = YES;
				CLANG_WARN_COMMA = YES;
				CLANG_WARN_CONSTANT_CONVERSION = YES;
				CLANG_WARN_DEPRECATED_OBJC_IMPLEMENTATIONS = YES;
				CLANG_WARN_DIRECT_OBJC_ISA_USAGE = YES_ERROR;
				CLANG_WARN_DOCUMENTATION_COMMENTS = YES;
				CLANG_WARN_EMPTY_BODY = YES;
				CLANG_WARN_ENUM_CONVERSION = YES;
				CLANG_WARN_INFINITE_RECURSION = YES;
				CLANG_WARN_INT_CONVERSION = YES;
				CLANG_WARN_NON_LITERAL_NULL_CONVERSION = YES;
				CLANG_WARN_OBJC_IMPLICIT_RETAIN_SELF = YES;
				CLANG_WARN_OBJC_LITERAL_CONVERSION = YES;
				CLANG_WARN_OBJC_ROOT_CLASS = YES_ERROR;
				CLANG_WARN_RANGE_LOOP_ANALYSIS = YES;
				CLANG_WARN_STRICT_PROTOTYPES = YES;
				CLANG_WARN_SUSPICIOUS_MOVE = YES;
				CLANG_WARN_UNGUARDED_AVAILABILITY = YES_AGGRESSIVE;
				CLANG_WARN_UNREACHABLE_CODE = YES;
				CLANG_WARN__DUPLICATE_METHOD_MATCH = YES;
				COPY_PHASE_STRIP = NO;
				DEBUG_INFORMATION_FORMAT = "dwarf-with-dsym";
				ENABLE_NS_ASSERTIONS = NO;
				ENABLE_STRICT_OBJC_MSGSEND = YES;
				GCC_C_LANGUAGE_STANDARD = gnu11;
				GCC_NO_COMMON_BLOCKS = YES;
				GCC_WARN_64_TO_32_BIT_CONVERSION = YES;
				GCC_WARN_ABOUT_RETURN_TYPE = YES_ERROR;
				GCC_WARN_UNDECLARED_SELECTOR = YES;
				GCC_WARN_UNINITIALIZED_AUTOS = YES_AGGRESSIVE;
				GCC_WARN_UNUSED_FUNCTION = YES;
				GCC_WARN_UNUSED_VARIABLE = YES;
				IPHONEOS_DEPLOYMENT_TARGET = 13.5;
				MTL_ENABLE_DEBUG_INFO = NO;
				MTL_FAST_MATH = YES;
				SDKROOT = iphoneos;
				SWIFT_COMPILATION_MODE = wholemodule;
				SWIFT_OPTIMIZATION_LEVEL = "-O";
				VALIDATE_PRODUCT = YES;
			};
			name = Release;
		};
		97C23E4524BA5D6C000D3291 /* Debug */ = {
			isa = XCBuildConfiguration;
			buildSettings = {
				ASSETCATALOG_COMPILER_APPICON_NAME = AppIcon;
				CODE_SIGN_STYLE = Automatic;
				INFOPLIST_FILE = EmailClient/Info.plist;
				LD_RUNPATH_SEARCH_PATHS = (
					"$(inherited)",
					"@executable_path/Frameworks",
				);
				PRODUCT_BUNDLE_IDENTIFIER = dev.silverman.EmailClient;
				PRODUCT_NAME = "$(TARGET_NAME)";
				SWIFT_VERSION = 5.0;
				TARGETED_DEVICE_FAMILY = "1,2";
			};
			name = Debug;
		};
		97C23E4624BA5D6C000D3291 /* Release */ = {
			isa = XCBuildConfiguration;
			buildSettings = {
				ASSETCATALOG_COMPILER_APPICON_NAME = AppIcon;
				CODE_SIGN_STYLE = Automatic;
				INFOPLIST_FILE = EmailClient/Info.plist;
				LD_RUNPATH_SEARCH_PATHS = (
					"$(inherited)",
					"@executable_path/Frameworks",
				);
				PRODUCT_BUNDLE_IDENTIFIER = dev.silverman.EmailClient;
				PRODUCT_NAME = "$(TARGET_NAME)";
				SWIFT_VERSION = 5.0;
				TARGETED_DEVICE_FAMILY = "1,2";
			};
			name = Release;
		};
/* End XCBuildConfiguration section */

/* Begin XCConfigurationList section */
		97C23E2B24BA5D6A000D3291 /* Build configuration list for PBXProject "EmailClient" */ = {
			isa = XCConfigurationList;
			buildConfigurations = (
				97C23E4224BA5D6C000D3291 /* Debug */,
				97C23E4324BA5D6C000D3291 /* Release */,
			);
			defaultConfigurationIsVisible = 0;
			defaultConfigurationName = Release;
		};
		97C23E4424BA5D6C000D3291 /* Build configuration list for PBXNativeTarget "EmailClient" */ = {
			isa = XCConfigurationList;
			buildConfigurations = (
				97C23E4524BA5D6C000D3291 /* Debug */,
				97C23E4624BA5D6C000D3291 /* Release */,
			);
			defaultConfigurationIsVisible = 0;
			defaultConfigurationName = Release;
		};
/* End XCConfigurationList section */
	};
	rootObject = 97C23E2824BA5D6A000D3291 /* Project object */;
}
